
Microsoft Visual Studio Solution File, Format Version 12.00
# Visual Studio Version 17
VisualStudioVersion = 17.14.36221.1 d17.14
MinimumVisualStudioVersion = 10.0.40219.1
Project("{FAE04EC0-301F-11D3-BF4B-00C04F79EFBC}") = "CevioSelfHost", "CevioSelfHost\CevioSelfHost.csproj", "{30A731A8-05BF-4B08-AB24-77D3F80A8167}"
EndProject
Global
	GlobalSection(SolutionConfigurationPlatforms) = preSolution
		Debug|Any CPU = Debug|Any CPU
		Release|Any CPU = Release|Any CPU
	EndGlobalSection
	GlobalSection(ProjectConfigurationPlatforms) = postSolution
		{30A731A8-05BF-4B08-AB24-77D3F80A8167}.Debug|Any CPU.ActiveCfg = Debug|Any CPU
		{30A731A8-05BF-4B08-AB24-77D3F80A8167}.Debug|Any CPU.Build.0 = Debug|Any CPU
		{30A731A8-05BF-4B08-AB24-77D3F80A8167}.Release|Any CPU.ActiveCfg = Release|Any CPU
		{30A731A8-05BF-4B08-AB24-77D3F80A8167}.Release|Any CPU.Build.0 = Release|Any CPU
	EndGlobalSection
	GlobalSection(SolutionProperties) = preSolution
		HideSolutionNode = FALSE
	EndGlobalSection
	GlobalSection(ExtensibilityGlobals) = postSolution
		SolutionGuid = {A2AFC077-7227-42F8-BD1D-C7AAB39FD3A6}
	EndGlobalSection
EndGlobal
